
Microsoft Visual Studio Solution File, Format Version 12.00
# Visual Studio Version 16
VisualStudioVersion = 16.0.30011.22
MinimumVisualStudioVersion = 10.0.40219.1
Project("{888888A0-9F3D-457C-B088-3A5042F75D52}") = "DjangoWeb", "DjangoWeb\DjangoWeb.pyproj", "{6E5FCE33-C39C-4F6B-8217-48AD6417B792}"
EndProject
Project("{888888A0-9F3D-457C-B088-3A5042F75D52}") = "BasicProject", "BasicProject\BasicProject.pyproj", "{5B6E125D-B79A-481F-9D72-CE6107628FD2}"
EndProject
Global
	GlobalSection(SolutionConfigurationPlatforms) = preSolution
		Debug|Any CPU = Debug|Any CPU
		Release|Any CPU = Release|Any CPU
	EndGlobalSection
	GlobalSection(ProjectConfigurationPlatforms) = postSolution
		{6E5FCE33-C39C-4F6B-8217-48AD6417B792}.Debug|Any CPU.ActiveCfg = Debug|Any CPU
		{6E5FCE33-C39C-4F6B-8217-48AD6417B792}.Debug|Any CPU.Build.0 = Debug|Any CPU
		{6E5FCE33-C39C-4F6B-8217-48AD6417B792}.Release|Any CPU.ActiveCfg = Release|Any CPU
		{6E5FCE33-C39C-4F6B-8217-48AD6417B792}.Release|Any CPU.Build.0 = Release|Any CPU
		{5B6E125D-B79A-481F-9D72-CE6107628FD2}.Debug|Any CPU.ActiveCfg = Debug|Any CPU
		{5B6E125D-B79A-481F-9D72-CE6107628FD2}.Debug|Any CPU.Build.0 = Debug|Any CPU
		{5B6E125D-B79A-481F-9D72-CE6107628FD2}.Release|Any CPU.ActiveCfg = Release|Any CPU
		{5B6E125D-B79A-481F-9D72-CE6107628FD2}.Release|Any CPU.Build.0 = Release|Any CPU
	EndGlobalSection
	GlobalSection(SolutionProperties) = preSolution
		HideSolutionNode = FALSE
	EndGlobalSection
	GlobalSection(ExtensibilityGlobals) = postSolution
		SolutionGuid = {6ACD7E71-79CF-4602-AFB4-2CD8C0F08A2D}
	EndGlobalSection
EndGlobal
